
Microsoft Visual Studio Solution File, Format Version 12.00
# Visual Studio 2012
Project("{FAE04EC0-301F-11D3-BF4B-00C04F79EFBC}") = "Flood Control", "Flood Control\Flood Control.csproj", "{41BEAEAF-9CFC-4E84-AC9E-7EE16A355FCB}"
EndProject
Project("{FAE04EC0-301F-11D3-BF4B-00C04F79EFBC}") = "Flood ControlContent", "Flood ControlContent\Flood ControlContent.contentproj", "{90570945-AAA9-4931-9A5F-A390AA6C1CA6}"
EndProject
Global
	GlobalSection(SolutionConfigurationPlatforms) = preSolution
		Debug|x86 = Debug|x86
		Release|x86 = Release|x86
	EndGlobalSection
	GlobalSection(ProjectConfigurationPlatforms) = postSolution
		{41BEAEAF-9CFC-4E84-AC9E-7EE16A355FCB}.Debug|x86.ActiveCfg = Debug|x86
		{41BEAEAF-9CFC-4E84-AC9E-7EE16A355FCB}.Debug|x86.Build.0 = Debug|x86
		{41BEAEAF-9CFC-4E84-AC9E-7EE16A355FCB}.Release|x86.ActiveCfg = Release|x86
		{41BEAEAF-9CFC-4E84-AC9E-7EE16A355FCB}.Release|x86.Build.0 = Release|x86
		{90570945-AAA9-4931-9A5F-A390AA6C1CA6}.Debug|x86.ActiveCfg = Debug|x86
		{90570945-AAA9-4931-9A5F-A390AA6C1CA6}.Release|x86.ActiveCfg = Release|x86
	EndGlobalSection
	GlobalSection(SolutionProperties) = preSolution
		HideSolutionNode = FALSE
	EndGlobalSection
EndGlobal
